
Microsoft Visual Studio Solution File, Format Version 11.00
# Visual Studio 2010
Project("{2150E333-8FDC-42A3-9474-1A3956D46DE8}") = "_", "_", "{0E1C1FB5-6112-4FF1-8F61-38312AB517CF}"
	ProjectSection(SolutionItems) = preProject
		Makefile = Makefile
		addin-project.xml = addin-project.xml
	EndProjectSection
EndProject
Project("{FAE04EC0-301F-11D3-BF4B-00C04F79EFBC}") = "MonoDevelop.WebSharper", "MonoDevelop.WebSharper\MonoDevelop.WebSharper.csproj", "{36A65E0E-6DFE-4733-B8A1-FC79BD6B0F1E}"
EndProject
Project("{2150E333-8FDC-42A3-9474-1A3956D46DE8}") = "tools", "tools", "{3F0DCBA2-37FF-4D06-B9F8-D26671F1B905}"
	ProjectSection(SolutionItems) = preProject
		tools\Build.Mono.proj = tools\Build.Mono.proj
		tools\Build.NET.proj = tools\Build.NET.proj
	EndProjectSection
EndProject
Global
	GlobalSection(SolutionConfigurationPlatforms) = preSolution
		Debug|Any CPU = Debug|Any CPU
		Release|Any CPU = Release|Any CPU
	EndGlobalSection
	GlobalSection(ProjectConfigurationPlatforms) = postSolution
		{36A65E0E-6DFE-4733-B8A1-FC79BD6B0F1E}.Debug|Any CPU.ActiveCfg = Debug|Any CPU
		{36A65E0E-6DFE-4733-B8A1-FC79BD6B0F1E}.Debug|Any CPU.Build.0 = Debug|Any CPU
		{36A65E0E-6DFE-4733-B8A1-FC79BD6B0F1E}.Release|Any CPU.ActiveCfg = Release|Any CPU
		{36A65E0E-6DFE-4733-B8A1-FC79BD6B0F1E}.Release|Any CPU.Build.0 = Release|Any CPU
	EndGlobalSection
	GlobalSection(NestedProjects) = preSolution
	EndGlobalSection
	GlobalSection(MonoDevelopProperties) = preSolution
		StartupItem = MonoDevelop.WebSharper\MonoDevelop.WebSharper.csproj
	EndGlobalSection
EndGlobal
